
Microsoft Visual Studio Solution File, Format Version 12.00
# Visual Studio 15
VisualStudioVersion = 15.0.27703.2026
MinimumVisualStudioVersion = 10.0.40219.1
Project("{FAE04EC0-301F-11D3-BF4B-00C04F79EFBC}") = "MvcMovie", "MvcMovie\MvcMovie.csproj", "{B21D837E-495A-46BC-8B6E-F97BAC3F3CA7}"
EndProject
Global
	GlobalSection(SolutionConfigurationPlatforms) = preSolution
		Debug|Any CPU = Debug|Any CPU
		Release|Any CPU = Release|Any CPU
	EndGlobalSection
	GlobalSection(ProjectConfigurationPlatforms) = postSolution
		{B21D837E-495A-46BC-8B6E-F97BAC3F3CA7}.Debug|Any CPU.ActiveCfg = Debug|Any CPU
		{B21D837E-495A-46BC-8B6E-F97BAC3F3CA7}.Debug|Any CPU.Build.0 = Debug|Any CPU
		{B21D837E-495A-46BC-8B6E-F97BAC3F3CA7}.Release|Any CPU.ActiveCfg = Release|Any CPU
		{B21D837E-495A-46BC-8B6E-F97BAC3F3CA7}.Release|Any CPU.Build.0 = Release|Any CPU
	EndGlobalSection
	GlobalSection(SolutionProperties) = preSolution
		HideSolutionNode = FALSE
	EndGlobalSection
	GlobalSection(ExtensibilityGlobals) = postSolution
		SolutionGuid = {70CABE49-F828-4343-B1AF-9089FB0DDF25}
	EndGlobalSection
EndGlobal
